// !$*UTF8*$!
{
	archiveVersion = 1;
	classes = {
	};
	objectVersion = 54;
	objects = {

/* Begin PBXBuildFile section */
		00E356F31AD99517003FC87E /* Grocery_StoreTests.m in Sources */ = {isa = PBXBuildFile; fileRef = 00E356F21AD99517003FC87E /* Grocery_StoreTests.m */; };
		0C80B921A6F3F58F76C31292 /* libPods-Grocery_Store.a in Frameworks */ = {isa = PBXBuildFile; fileRef = 5DCACB8F33CDC322A6C60F78 /* libPods-Grocery_Store.a */; };
		13B07FBC1A68108700A75B9A /* AppDelegate.mm in Sources */ = {isa = PBXBuildFile; fileRef = 13B07FB01A68108700A75B9A /* AppDelegate.mm */; };
		13B07FBF1A68108700A75B9A /* Images.xcassets in Resources */ = {isa = PBXBuildFile; fileRef = 13B07FB51A68108700A75B9A /* Images.xcassets */; };
		13B07FC11A68108700A75B9A /* main.m in Sources */ = {isa = PBXBuildFile; fileRef = 13B07FB71A68108700A75B9A /* main.m */; };
		7699B88040F8A987B510C191 /* libPods-Grocery_Store-Grocery_StoreTests.a in Frameworks */ = {isa = PBXBuildFile; fileRef = 19F6CBCC0A4E27FBF8BF4A61 /* libPods-Grocery_Store-Grocery_StoreTests.a */; };
		81AB9BB82411601600AC10FF /* LaunchScreen.storyboard in Resources */ = {isa = PBXBuildFile; fileRef = 81AB9BB72411601600AC10FF /* LaunchScreen.storyboard */; };
		AE7F049C21EF4CBDBED389FC /* Inter_Black.ttf in Resources */ = {isa = PBXBuildFile; fileRef = 1F006162624E408E9D4178DC /* Inter_Black.ttf */; };
		34038F213C68412F8BEB806D /* Inter_Bold.ttf in Resources */ = {isa = PBXBuildFile; fileRef = DC25066112CB4AA09C180BDC /* Inter_Bold.ttf */; };
		0DD005638269414C8DB331A8 /* Inter_ExtraBold.ttf in Resources */ = {isa = PBXBuildFile; fileRef = 250D409CB34449B0B2C0DD8A /* Inter_ExtraBold.ttf */; };
		DE304DD1EB724F4D90305DCF /* Inter_ExtraLight.ttf in Resources */ = {isa = PBXBuildFile; fileRef = 520108CC26CF4F888932DC69 /* Inter_ExtraLight.ttf */; };
		2309FC6C8B0A4BF8A455B8E6 /* Inter_Light.ttf in Resources */ = {isa = PBXBuildFile; fileRef = E5EF842C7932410B82FA554F /* Inter_Light.ttf */; };
		58CB73EF46B5451DA4679859 /* Inter_Medium.ttf in Resources */ = {isa = PBXBuildFile; fileRef = EFE3661AE83A4B449A4591E5 /* Inter_Medium.ttf */; };
		6D6818A585B04518BBEDCD77 /* Inter_Regular.ttf in Resources */ = {isa = PBXBuildFile; fileRef = 7E7BC53D0C5C473DAAB5E587 /* Inter_Regular.ttf */; };
		733E3FF8D6C94F758F159993 /* Inter_SemiBold.ttf in Resources */ = {isa = PBXBuildFile; fileRef = 32E239B87926435FA80E84FC /* Inter_SemiBold.ttf */; };
		87F3AF22E76D48B1A2029C97 /* Inter_Thin.ttf in Resources */ = {isa = PBXBuildFile; fileRef = E5C6C208E8B34F23A2A8C9D8 /* Inter_Thin.ttf */; };
		AF70817DF38C41999658E77C /* Montserrat-Black.ttf in Resources */ = {isa = PBXBuildFile; fileRef = D7BAD3B7B53F4F65855C418B /* Montserrat-Black.ttf */; };
		EB35BBB2216242D6B9314C28 /* Montserrat-ExtraBold.ttf in Resources */ = {isa = PBXBuildFile; fileRef = A39489FE5210449A99278BBC /* Montserrat-ExtraBold.ttf */; };
		58A1646A52FE4AEC8F926644 /* SourGummy-Black.ttf in Resources */ = {isa = PBXBuildFile; fileRef = FA983CA950244EEB9035996A /* SourGummy-Black.ttf */; };
		2A37FAF21D4A42A4B1CBB47A /* SourGummy-BlackItalic.ttf in Resources */ = {isa = PBXBuildFile; fileRef = 50708B3C0A1B4267BE526545 /* SourGummy-BlackItalic.ttf */; };
		DA746225C0CF4C1395E0348B /* SourGummy-Bold.ttf in Resources */ = {isa = PBXBuildFile; fileRef = 29D02CC96E584DAB9AC5C1F6 /* SourGummy-Bold.ttf */; };
		AA8EA1D340F34BED94F9C5B8 /* SourGummy-BoldItalic.ttf in Resources */ = {isa = PBXBuildFile; fileRef = 0172EC791C7D4F0B8EFE7E2B /* SourGummy-BoldItalic.ttf */; };
		BB1E057887CE460E99069637 /* SourGummy-ExtraBold.ttf in Resources */ = {isa = PBXBuildFile; fileRef = 456F9E868A0F48AD9183CC0B /* SourGummy-ExtraBold.ttf */; };
		AA93F9C0D7A2432B858B6401 /* SourGummy-ExtraBoldItalic.ttf in Resources */ = {isa = PBXBuildFile; fileRef = B94FA6A9FB69410792D1A925 /* SourGummy-ExtraBoldItalic.ttf */; };
		4C86D10BD63C41F58C907BA5 /* SourGummy-ExtraLight.ttf in Resources */ = {isa = PBXBuildFile; fileRef = D3867F1205EE4CD3971760D1 /* SourGummy-ExtraLight.ttf */; };
		E6BAC9674C2C4DA389987E84 /* SourGummy-ExtraLightItalic.ttf in Resources */ = {isa = PBXBuildFile; fileRef = CB33662AE098470C83C0A98B /* SourGummy-ExtraLightItalic.ttf */; };
		AC7FD89BEB5A47D4A5B0C009 /* SourGummy-Italic.ttf in Resources */ = {isa = PBXBuildFile; fileRef = B02AAE336D534B67A9024730 /* SourGummy-Italic.ttf */; };
		683D75EE450348AD95DB6EDB /* SourGummy-Light.ttf in Resources */ = {isa = PBXBuildFile; fileRef = AA86D3F31E3F41888E2A06AF /* SourGummy-Light.ttf */; };
		D8A45CE718E84B2EB9382831 /* SourGummy-LightItalic.ttf in Resources */ = {isa = PBXBuildFile; fileRef = FD23634F314E406FB173479C /* SourGummy-LightItalic.ttf */; };
		349FB67D4D084E2AA9C53633 /* SourGummy-Medium.ttf in Resources */ = {isa = PBXBuildFile; fileRef = 1F26CF306F934F23B998B0C8 /* SourGummy-Medium.ttf */; };
		8B3414097EC748DBA9F5C5C9 /* SourGummy-MediumItalic.ttf in Resources */ = {isa = PBXBuildFile; fileRef = 4A83D7FF64894ADA9BFEA0E0 /* SourGummy-MediumItalic.ttf */; };
		84EEED985BDF47A6B73A9AF3 /* SourGummy-Regular.ttf in Resources */ = {isa = PBXBuildFile; fileRef = 7DDC1CB4B17E49E0B3D44153 /* SourGummy-Regular.ttf */; };
		B77CB494B282456B9C6669F3 /* SourGummy-SemiBold.ttf in Resources */ = {isa = PBXBuildFile; fileRef = 746E3271D8874138A67A5346 /* SourGummy-SemiBold.ttf */; };
		6A60C03D5FF7438088FAB077 /* SourGummy-SemiBoldItalic.ttf in Resources */ = {isa = PBXBuildFile; fileRef = 2AF2256510884C1F9294E690 /* SourGummy-SemiBoldItalic.ttf */; };
		C7F8700ACD20416FA384A4BB /* SourGummy-Thin.ttf in Resources */ = {isa = PBXBuildFile; fileRef = B1ACC4D963684E248E443A4F /* SourGummy-Thin.ttf */; };
		F6863CEA23EC46FFB4C4A36F /* SourGummy-ThinItalic.ttf in Resources */ = {isa = PBXBuildFile; fileRef = 568B572991D54ADDB7E25EA5 /* SourGummy-ThinItalic.ttf */; };
		C83EFF4F53984AFFBFA31843 /* SourGummy_Expanded-Black.ttf in Resources */ = {isa = PBXBuildFile; fileRef = F84990063BD24C749117DF2B /* SourGummy_Expanded-Black.ttf */; };
		0C54B1A21CBC4519A1AC3C32 /* SourGummy_Expanded-BlackItalic.ttf in Resources */ = {isa = PBXBuildFile; fileRef = 861B816390F54BEEA948DB4A /* SourGummy_Expanded-BlackItalic.ttf */; };
		1EFE89D486084BE6B0E19FCE /* SourGummy_Expanded-Bold.ttf in Resources */ = {isa = PBXBuildFile; fileRef = 4A98153E811048B99B908A73 /* SourGummy_Expanded-Bold.ttf */; };
		BAB2CDBE39004F28A3FF37F4 /* SourGummy_Expanded-BoldItalic.ttf in Resources */ = {isa = PBXBuildFile; fileRef = AF84E6B24AAD4F829F23E99B /* SourGummy_Expanded-BoldItalic.ttf */; };
		E9B01208A29F473C9FC2FB03 /* SourGummy_Expanded-ExtraBold.ttf in Resources */ = {isa = PBXBuildFile; fileRef = 229CDF81DE404B199DB92CC6 /* SourGummy_Expanded-ExtraBold.ttf */; };
		16DBAF3BB0CE4CAFABF04F04 /* SourGummy_Expanded-ExtraBoldItalic.ttf in Resources */ = {isa = PBXBuildFile; fileRef = 374E2ADB7FEE4865851CC10E /* SourGummy_Expanded-ExtraBoldItalic.ttf */; };
		47C463EA9AE047E7963E171D /* SourGummy_Expanded-ExtraLight.ttf in Resources */ = {isa = PBXBuildFile; fileRef = 5EF9538EB88341DCA45557C5 /* SourGummy_Expanded-ExtraLight.ttf */; };
		6DADA084ED194F0180A39E8D /* SourGummy_Expanded-ExtraLightItalic.ttf in Resources */ = {isa = PBXBuildFile; fileRef = 93C36239FE954836A3BDC0FA /* SourGummy_Expanded-ExtraLightItalic.ttf */; };
		6554B3D70D1544F8B3D130F4 /* SourGummy_Expanded-Italic.ttf in Resources */ = {isa = PBXBuildFile; fileRef = B99F17D75B53461FA4558ECB /* SourGummy_Expanded-Italic.ttf */; };
		25E2730A876D43FCA15B0AF0 /* SourGummy_Expanded-Light.ttf in Resources */ = {isa = PBXBuildFile; fileRef = F722E6285420443285B3289D /* SourGummy_Expanded-Light.ttf */; };
		99662ADDDE1C4606BA468932 /* SourGummy_Expanded-LightItalic.ttf in Resources */ = {isa = PBXBuildFile; fileRef = 79AD928740534F299403D4D2 /* SourGummy_Expanded-LightItalic.ttf */; };
		67F72CA9A4B042D1A388BF4E /* SourGummy_Expanded-Medium.ttf in Resources */ = {isa = PBXBuildFile; fileRef = 5242F61DE32B48F59E703EBA /* SourGummy_Expanded-Medium.ttf */; };
		7799401AF7674DF0BD430CCF /* SourGummy_Expanded-MediumItalic.ttf in Resources */ = {isa = PBXBuildFile; fileRef = 7C01F9121B46450592F14041 /* SourGummy_Expanded-MediumItalic.ttf */; };
		51B43ED25F1F4864A6343CB4 /* SourGummy_Expanded-Regular.ttf in Resources */ = {isa = PBXBuildFile; fileRef = F38A1C3737F94D4EAAB3D107 /* SourGummy_Expanded-Regular.ttf */; };
		11D1155C8AAC4FD6AF8BA787 /* SourGummy_Expanded-SemiBold.ttf in Resources */ = {isa = PBXBuildFile; fileRef = 94D4A368B9EA4EC085B655AB /* SourGummy_Expanded-SemiBold.ttf */; };
		75590816B1B3420ABBFBC02C /* SourGummy_Expanded-SemiBoldItalic.ttf in Resources */ = {isa = PBXBuildFile; fileRef = 0460630598004E4C8871E98A /* SourGummy_Expanded-SemiBoldItalic.ttf */; };
		DF3E1C3404EE40ED811D9A6B /* SourGummy_Expanded-Thin.ttf in Resources */ = {isa = PBXBuildFile; fileRef = 8AC9A19925014C55AEDEAC47 /* SourGummy_Expanded-Thin.ttf */; };
		5977E8AEBA1542AFB6ED659C /* SourGummy_Expanded-ThinItalic.ttf in Resources */ = {isa = PBXBuildFile; fileRef = F5764E4AC1E443329FF1B680 /* SourGummy_Expanded-ThinItalic.ttf */; };
		117F3B73252C4E69B4608C9F /* SourGummy_SemiExpanded-Black.ttf in Resources */ = {isa = PBXBuildFile; fileRef = 4952A763A2314C03ACB17E95 /* SourGummy_SemiExpanded-Black.ttf */; };
		58DD8B35863540CC8322216E /* SourGummy_SemiExpanded-BlackItalic.ttf in Resources */ = {isa = PBXBuildFile; fileRef = E4938A7995FC4C4195F9D67E /* SourGummy_SemiExpanded-BlackItalic.ttf */; };
		98E02BEED7E24799A6BED731 /* SourGummy_SemiExpanded-Bold.ttf in Resources */ = {isa = PBXBuildFile; fileRef = 6504626EA41349D2A4F51DDA /* SourGummy_SemiExpanded-Bold.ttf */; };
		B9CEBBFC67624D979361CF49 /* SourGummy_SemiExpanded-BoldItalic.ttf in Resources */ = {isa = PBXBuildFile; fileRef = 69F26A500AC948559839D306 /* SourGummy_SemiExpanded-BoldItalic.ttf */; };
		CA3F7F3EFD4C4BB79D43AE92 /* SourGummy_SemiExpanded-ExtraBold.ttf in Resources */ = {isa = PBXBuildFile; fileRef = 730F6A0662D742F0A09ACF31 /* SourGummy_SemiExpanded-ExtraBold.ttf */; };
		56436453DD554B5A8365DA70 /* SourGummy_SemiExpanded-ExtraBoldItalic.ttf in Resources */ = {isa = PBXBuildFile; fileRef = 1E51D81D4AC4426CAFABCB33 /* SourGummy_SemiExpanded-ExtraBoldItalic.ttf */; };
		97D74C263B6A453E9B682576 /* SourGummy_SemiExpanded-ExtraLight.ttf in Resources */ = {isa = PBXBuildFile; fileRef = 91A3175440494C79AF889727 /* SourGummy_SemiExpanded-ExtraLight.ttf */; };
		048C2F11BF044D428EF30858 /* SourGummy_SemiExpanded-ExtraLightItalic.ttf in Resources */ = {isa = PBXBuildFile; fileRef = 2A18DAE931A14C758D7EED87 /* SourGummy_SemiExpanded-ExtraLightItalic.ttf */; };
		13396E3B003F41789899E241 /* SourGummy_SemiExpanded-Italic.ttf in Resources */ = {isa = PBXBuildFile; fileRef = 0FBC577530834EC88B8C4F71 /* SourGummy_SemiExpanded-Italic.ttf */; };
		EC74174E60DC4B48AB06B19D /* SourGummy_SemiExpanded-Light.ttf in Resources */ = {isa = PBXBuildFile; fileRef = 0BF34F69D99F4BB6A4484B12 /* SourGummy_SemiExpanded-Light.ttf */; };
		A2607472C26A457B8D8C1043 /* SourGummy_SemiExpanded-LightItalic.ttf in Resources */ = {isa = PBXBuildFile; fileRef = 33CD91F6CE43411E84FCA6B2 /* SourGummy_SemiExpanded-LightItalic.ttf */; };
		68F7F2DEE1F14966A9D7CB09 /* SourGummy_SemiExpanded-Medium.ttf in Resources */ = {isa = PBXBuildFile; fileRef = 892F64EBB5B0427CA268069A /* SourGummy_SemiExpanded-Medium.ttf */; };
		5FC817F1858343C4B76E85E8 /* SourGummy_SemiExpanded-MediumItalic.ttf in Resources */ = {isa = PBXBuildFile; fileRef = 8661CF3E93704DFCAF8F1501 /* SourGummy_SemiExpanded-MediumItalic.ttf */; };
		211FBBA7B72B4D4C8CC1F53C /* SourGummy_SemiExpanded-Regular.ttf in Resources */ = {isa = PBXBuildFile; fileRef = 9FBB99455834475C9CBEAB91 /* SourGummy_SemiExpanded-Regular.ttf */; };
		33F2B67986D84809AF9299AE /* SourGummy_SemiExpanded-SemiBold.ttf in Resources */ = {isa = PBXBuildFile; fileRef = 7CEDC3F275A94A4295D59FD7 /* SourGummy_SemiExpanded-SemiBold.ttf */; };
		5B94026878B74E868F0BAD58 /* SourGummy_SemiExpanded-SemiBoldItalic.ttf in Resources */ = {isa = PBXBuildFile; fileRef = 8EAF8769DD1442B8AC2503E1 /* SourGummy_SemiExpanded-SemiBoldItalic.ttf */; };
		D2E25B395565494294FD53DA /* SourGummy_SemiExpanded-Thin.ttf in Resources */ = {isa = PBXBuildFile; fileRef = A52A52DE849F4AF6A77E4978 /* SourGummy_SemiExpanded-Thin.ttf */; };
		3F677B3A87404506901EF9E8 /* SourGummy_SemiExpanded-ThinItalic.ttf in Resources */ = {isa = PBXBuildFile; fileRef = 8CC4FE1528BF4C50BF578AD0 /* SourGummy_SemiExpanded-ThinItalic.ttf */; };
/* End PBXBuildFile section */

/* Begin PBXContainerItemProxy section */
		00E356F41AD99517003FC87E /* PBXContainerItemProxy */ = {
			isa = PBXContainerItemProxy;
			containerPortal = 83CBB9F71A601CBA00E9B192 /* Project object */;
			proxyType = 1;
			remoteGlobalIDString = 13B07F861A680F5B00A75B9A;
			remoteInfo = Grocery_Store;
		};
/* End PBXContainerItemProxy section */

/* Begin PBXFileReference section */
		00E356EE1AD99517003FC87E /* Grocery_StoreTests.xctest */ = {isa = PBXFileReference; explicitFileType = wrapper.cfbundle; includeInIndex = 0; path = Grocery_StoreTests.xctest; sourceTree = BUILT_PRODUCTS_DIR; };
		00E356F11AD99517003FC87E /* Info.plist */ = {isa = PBXFileReference; lastKnownFileType = text.plist.xml; path = Info.plist; sourceTree = "<group>"; };
		00E356F21AD99517003FC87E /* Grocery_StoreTests.m */ = {isa = PBXFileReference; lastKnownFileType = sourcecode.c.objc; path = Grocery_StoreTests.m; sourceTree = "<group>"; };
		13B07F961A680F5B00A75B9A /* Grocery_Store.app */ = {isa = PBXFileReference; explicitFileType = wrapper.application; includeInIndex = 0; path = Grocery_Store.app; sourceTree = BUILT_PRODUCTS_DIR; };
		13B07FAF1A68108700A75B9A /* AppDelegate.h */ = {isa = PBXFileReference; fileEncoding = 4; lastKnownFileType = sourcecode.c.h; name = AppDelegate.h; path = Grocery_Store/AppDelegate.h; sourceTree = "<group>"; };
		13B07FB01A68108700A75B9A /* AppDelegate.mm */ = {isa = PBXFileReference; fileEncoding = 4; lastKnownFileType = sourcecode.cpp.objcpp; name = AppDelegate.mm; path = Grocery_Store/AppDelegate.mm; sourceTree = "<group>"; };
		13B07FB51A68108700A75B9A /* Images.xcassets */ = {isa = PBXFileReference; lastKnownFileType = folder.assetcatalog; name = Images.xcassets; path = Grocery_Store/Images.xcassets; sourceTree = "<group>"; };
		13B07FB61A68108700A75B9A /* Info.plist */ = {isa = PBXFileReference; fileEncoding = 4; lastKnownFileType = text.plist.xml; name = Info.plist; path = Grocery_Store/Info.plist; sourceTree = "<group>"; };
		13B07FB71A68108700A75B9A /* main.m */ = {isa = PBXFileReference; fileEncoding = 4; lastKnownFileType = sourcecode.c.objc; name = main.m; path = Grocery_Store/main.m; sourceTree = "<group>"; };
		19F6CBCC0A4E27FBF8BF4A61 /* libPods-Grocery_Store-Grocery_StoreTests.a */ = {isa = PBXFileReference; explicitFileType = archive.ar; includeInIndex = 0; path = "libPods-Grocery_Store-Grocery_StoreTests.a"; sourceTree = BUILT_PRODUCTS_DIR; };
		3B4392A12AC88292D35C810B /* Pods-Grocery_Store.debug.xcconfig */ = {isa = PBXFileReference; includeInIndex = 1; lastKnownFileType = text.xcconfig; name = "Pods-Grocery_Store.debug.xcconfig"; path = "Target Support Files/Pods-Grocery_Store/Pods-Grocery_Store.debug.xcconfig"; sourceTree = "<group>"; };
		5709B34CF0A7D63546082F79 /* Pods-Grocery_Store.release.xcconfig */ = {isa = PBXFileReference; includeInIndex = 1; lastKnownFileType = text.xcconfig; name = "Pods-Grocery_Store.release.xcconfig"; path = "Target Support Files/Pods-Grocery_Store/Pods-Grocery_Store.release.xcconfig"; sourceTree = "<group>"; };
		5B7EB9410499542E8C5724F5 /* Pods-Grocery_Store-Grocery_StoreTests.debug.xcconfig */ = {isa = PBXFileReference; includeInIndex = 1; lastKnownFileType = text.xcconfig; name = "Pods-Grocery_Store-Grocery_StoreTests.debug.xcconfig"; path = "Target Support Files/Pods-Grocery_Store-Grocery_StoreTests/Pods-Grocery_Store-Grocery_StoreTests.debug.xcconfig"; sourceTree = "<group>"; };
		5DCACB8F33CDC322A6C60F78 /* libPods-Grocery_Store.a */ = {isa = PBXFileReference; explicitFileType = archive.ar; includeInIndex = 0; path = "libPods-Grocery_Store.a"; sourceTree = BUILT_PRODUCTS_DIR; };
		81AB9BB72411601600AC10FF /* LaunchScreen.storyboard */ = {isa = PBXFileReference; fileEncoding = 4; lastKnownFileType = file.storyboard; name = LaunchScreen.storyboard; path = Grocery_Store/LaunchScreen.storyboard; sourceTree = "<group>"; };
		89C6BE57DB24E9ADA2F236DE /* Pods-Grocery_Store-Grocery_StoreTests.release.xcconfig */ = {isa = PBXFileReference; includeInIndex = 1; lastKnownFileType = text.xcconfig; name = "Pods-Grocery_Store-Grocery_StoreTests.release.xcconfig"; path = "Target Support Files/Pods-Grocery_Store-Grocery_StoreTests/Pods-Grocery_Store-Grocery_StoreTests.release.xcconfig"; sourceTree = "<group>"; };
		ED297162215061F000B7C4FE /* JavaScriptCore.framework */ = {isa = PBXFileReference; lastKnownFileType = wrapper.framework; name = JavaScriptCore.framework; path = System/Library/Frameworks/JavaScriptCore.framework; sourceTree = SDKROOT; };
		1F006162624E408E9D4178DC /* Inter_Black.ttf */ = {isa = PBXFileReference; name = "Inter_Black.ttf"; path = "../src/assets/fonts/Inter_Black.ttf"; sourceTree = "<group>"; fileEncoding = undefined; lastKnownFileType = unknown; explicitFileType = undefined; includeInIndex = 0; };
		DC25066112CB4AA09C180BDC /* Inter_Bold.ttf */ = {isa = PBXFileReference; name = "Inter_Bold.ttf"; path = "../src/assets/fonts/Inter_Bold.ttf"; sourceTree = "<group>"; fileEncoding = undefined; lastKnownFileType = unknown; explicitFileType = undefined; includeInIndex = 0; };
		250D409CB34449B0B2C0DD8A /* Inter_ExtraBold.ttf */ = {isa = PBXFileReference; name = "Inter_ExtraBold.ttf"; path = "../src/assets/fonts/Inter_ExtraBold.ttf"; sourceTree = "<group>"; fileEncoding = undefined; lastKnownFileType = unknown; explicitFileType = undefined; includeInIndex = 0; };
		520108CC26CF4F888932DC69 /* Inter_ExtraLight.ttf */ = {isa = PBXFileReference; name = "Inter_ExtraLight.ttf"; path = "../src/assets/fonts/Inter_ExtraLight.ttf"; sourceTree = "<group>"; fileEncoding = undefined; lastKnownFileType = unknown; explicitFileType = undefined; includeInIndex = 0; };
		E5EF842C7932410B82FA554F /* Inter_Light.ttf */ = {isa = PBXFileReference; name = "Inter_Light.ttf"; path = "../src/assets/fonts/Inter_Light.ttf"; sourceTree = "<group>"; fileEncoding = undefined; lastKnownFileType = unknown; explicitFileType = undefined; includeInIndex = 0; };
		EFE3661AE83A4B449A4591E5 /* Inter_Medium.ttf */ = {isa = PBXFileReference; name = "Inter_Medium.ttf"; path = "../src/assets/fonts/Inter_Medium.ttf"; sourceTree = "<group>"; fileEncoding = undefined; lastKnownFileType = unknown; explicitFileType = undefined; includeInIndex = 0; };
		7E7BC53D0C5C473DAAB5E587 /* Inter_Regular.ttf */ = {isa = PBXFileReference; name = "Inter_Regular.ttf"; path = "../src/assets/fonts/Inter_Regular.ttf"; sourceTree = "<group>"; fileEncoding = undefined; lastKnownFileType = unknown; explicitFileType = undefined; includeInIndex = 0; };
		32E239B87926435FA80E84FC /* Inter_SemiBold.ttf */ = {isa = PBXFileReference; name = "Inter_SemiBold.ttf"; path = "../src/assets/fonts/Inter_SemiBold.ttf"; sourceTree = "<group>"; fileEncoding = undefined; lastKnownFileType = unknown; explicitFileType = undefined; includeInIndex = 0; };
		E5C6C208E8B34F23A2A8C9D8 /* Inter_Thin.ttf */ = {isa = PBXFileReference; name = "Inter_Thin.ttf"; path = "../src/assets/fonts/Inter_Thin.ttf"; sourceTree = "<group>"; fileEncoding = undefined; lastKnownFileType = unknown; explicitFileType = undefined; includeInIndex = 0; };
		D7BAD3B7B53F4F65855C418B /* Montserrat-Black.ttf */ = {isa = PBXFileReference; name = "Montserrat-Black.ttf"; path = "../src/assets/fonts/Montserrat-Black.ttf"; sourceTree = "<group>"; fileEncoding = undefined; lastKnownFileType = unknown; explicitFileType = undefined; includeInIndex = 0; };
		A39489FE5210449A99278BBC /* Montserrat-ExtraBold.ttf */ = {isa = PBXFileReference; name = "Montserrat-ExtraBold.ttf"; path = "../src/assets/fonts/Montserrat-ExtraBold.ttf"; sourceTree = "<group>"; fileEncoding = undefined; lastKnownFileType = unknown; explicitFileType = undefined; includeInIndex = 0; };
		FA983CA950244EEB9035996A /* SourGummy-Black.ttf */ = {isa = PBXFileReference; name = "SourGummy-Black.ttf"; path = "../src/assets/fonts/SourGummy-Black.ttf"; sourceTree = "<group>"; fileEncoding = undefined; lastKnownFileType = unknown; explicitFileType = undefined; includeInIndex = 0; };
		50708B3C0A1B4267BE526545 /* SourGummy-BlackItalic.ttf */ = {isa = PBXFileReference; name = "SourGummy-BlackItalic.ttf"; path = "../src/assets/fonts/SourGummy-BlackItalic.ttf"; sourceTree = "<group>"; fileEncoding = undefined; lastKnownFileType = unknown; explicitFileType = undefined; includeInIndex = 0; };
		29D02CC96E584DAB9AC5C1F6 /* SourGummy-Bold.ttf */ = {isa = PBXFileReference; name = "SourGummy-Bold.ttf"; path = "../src/assets/fonts/SourGummy-Bold.ttf"; sourceTree = "<group>"; fileEncoding = undefined; lastKnownFileType = unknown; explicitFileType = undefined; includeInIndex = 0; };
		0172EC791C7D4F0B8EFE7E2B /* SourGummy-BoldItalic.ttf */ = {isa = PBXFileReference; name = "SourGummy-BoldItalic.ttf"; path = "../src/assets/fonts/SourGummy-BoldItalic.ttf"; sourceTree = "<group>"; fileEncoding = undefined; lastKnownFileType = unknown; explicitFileType = undefined; includeInIndex = 0; };
		456F9E868A0F48AD9183CC0B /* SourGummy-ExtraBold.ttf */ = {isa = PBXFileReference; name = "SourGummy-ExtraBold.ttf"; path = "../src/assets/fonts/SourGummy-ExtraBold.ttf"; sourceTree = "<group>"; fileEncoding = undefined; lastKnownFileType = unknown; explicitFileType = undefined; includeInIndex = 0; };
		B94FA6A9FB69410792D1A925 /* SourGummy-ExtraBoldItalic.ttf */ = {isa = PBXFileReference; name = "SourGummy-ExtraBoldItalic.ttf"; path = "../src/assets/fonts/SourGummy-ExtraBoldItalic.ttf"; sourceTree = "<group>"; fileEncoding = undefined; lastKnownFileType = unknown; explicitFileType = undefined; includeInIndex = 0; };
		D3867F1205EE4CD3971760D1 /* SourGummy-ExtraLight.ttf */ = {isa = PBXFileReference; name = "SourGummy-ExtraLight.ttf"; path = "../src/assets/fonts/SourGummy-ExtraLight.ttf"; sourceTree = "<group>"; fileEncoding = undefined; lastKnownFileType = unknown; explicitFileType = undefined; includeInIndex = 0; };
		CB33662AE098470C83C0A98B /* SourGummy-ExtraLightItalic.ttf */ = {isa = PBXFileReference; name = "SourGummy-ExtraLightItalic.ttf"; path = "../src/assets/fonts/SourGummy-ExtraLightItalic.ttf"; sourceTree = "<group>"; fileEncoding = undefined; lastKnownFileType = unknown; explicitFileType = undefined; includeInIndex = 0; };
		B02AAE336D534B67A9024730 /* SourGummy-Italic.ttf */ = {isa = PBXFileReference; name = "SourGummy-Italic.ttf"; path = "../src/assets/fonts/SourGummy-Italic.ttf"; sourceTree = "<group>"; fileEncoding = undefined; lastKnownFileType = unknown; explicitFileType = undefined; includeInIndex = 0; };
		AA86D3F31E3F41888E2A06AF /* SourGummy-Light.ttf */ = {isa = PBXFileReference; name = "SourGummy-Light.ttf"; path = "../src/assets/fonts/SourGummy-Light.ttf"; sourceTree = "<group>"; fileEncoding = undefined; lastKnownFileType = unknown; explicitFileType = undefined; includeInIndex = 0; };
		FD23634F314E406FB173479C /* SourGummy-LightItalic.ttf */ = {isa = PBXFileReference; name = "SourGummy-LightItalic.ttf"; path = "../src/assets/fonts/SourGummy-LightItalic.ttf"; sourceTree = "<group>"; fileEncoding = undefined; lastKnownFileType = unknown; explicitFileType = undefined; includeInIndex = 0; };
		1F26CF306F934F23B998B0C8 /* SourGummy-Medium.ttf */ = {isa = PBXFileReference; name = "SourGummy-Medium.ttf"; path = "../src/assets/fonts/SourGummy-Medium.ttf"; sourceTree = "<group>"; fileEncoding = undefined; lastKnownFileType = unknown; explicitFileType = undefined; includeInIndex = 0; };
		4A83D7FF64894ADA9BFEA0E0 /* SourGummy-MediumItalic.ttf */ = {isa = PBXFileReference; name = "SourGummy-MediumItalic.ttf"; path = "../src/assets/fonts/SourGummy-MediumItalic.ttf"; sourceTree = "<group>"; fileEncoding = undefined; lastKnownFileType = unknown; explicitFileType = undefined; includeInIndex = 0; };
		7DDC1CB4B17E49E0B3D44153 /* SourGummy-Regular.ttf */ = {isa = PBXFileReference; name = "SourGummy-Regular.ttf"; path = "../src/assets/fonts/SourGummy-Regular.ttf"; sourceTree = "<group>"; fileEncoding = undefined; lastKnownFileType = unknown; explicitFileType = undefined; includeInIndex = 0; };
		746E3271D8874138A67A5346 /* SourGummy-SemiBold.ttf */ = {isa = PBXFileReference; name = "SourGummy-SemiBold.ttf"; path = "../src/assets/fonts/SourGummy-SemiBold.ttf"; sourceTree = "<group>"; fileEncoding = undefined; lastKnownFileType = unknown; explicitFileType = undefined; includeInIndex = 0; };
		2AF2256510884C1F9294E690 /* SourGummy-SemiBoldItalic.ttf */ = {isa = PBXFileReference; name = "SourGummy-SemiBoldItalic.ttf"; path = "../src/assets/fonts/SourGummy-SemiBoldItalic.ttf"; sourceTree = "<group>"; fileEncoding = undefined; lastKnownFileType = unknown; explicitFileType = undefined; includeInIndex = 0; };
		B1ACC4D963684E248E443A4F /* SourGummy-Thin.ttf */ = {isa = PBXFileReference; name = "SourGummy-Thin.ttf"; path = "../src/assets/fonts/SourGummy-Thin.ttf"; sourceTree = "<group>"; fileEncoding = undefined; lastKnownFileType = unknown; explicitFileType = undefined; includeInIndex = 0; };
		568B572991D54ADDB7E25EA5 /* SourGummy-ThinItalic.ttf */ = {isa = PBXFileReference; name = "SourGummy-ThinItalic.ttf"; path = "../src/assets/fonts/SourGummy-ThinItalic.ttf"; sourceTree = "<group>"; fileEncoding = undefined; lastKnownFileType = unknown; explicitFileType = undefined; includeInIndex = 0; };
		F84990063BD24C749117DF2B /* SourGummy_Expanded-Black.ttf */ = {isa = PBXFileReference; name = "SourGummy_Expanded-Black.ttf"; path = "../src/assets/fonts/SourGummy_Expanded-Black.ttf"; sourceTree = "<group>"; fileEncoding = undefined; lastKnownFileType = unknown; explicitFileType = undefined; includeInIndex = 0; };
		861B816390F54BEEA948DB4A /* SourGummy_Expanded-BlackItalic.ttf */ = {isa = PBXFileReference; name = "SourGummy_Expanded-BlackItalic.ttf"; path = "../src/assets/fonts/SourGummy_Expanded-BlackItalic.ttf"; sourceTree = "<group>"; fileEncoding = undefined; lastKnownFileType = unknown; explicitFileType = undefined; includeInIndex = 0; };
		4A98153E811048B99B908A73 /* SourGummy_Expanded-Bold.ttf */ = {isa = PBXFileReference; name = "SourGummy_Expanded-Bold.ttf"; path = "../src/assets/fonts/SourGummy_Expanded-Bold.ttf"; sourceTree = "<group>"; fileEncoding = undefined; lastKnownFileType = unknown; explicitFileType = undefined; includeInIndex = 0; };
		AF84E6B24AAD4F829F23E99B /* SourGummy_Expanded-BoldItalic.ttf */ = {isa = PBXFileReference; name = "SourGummy_Expanded-BoldItalic.ttf"; path = "../src/assets/fonts/SourGummy_Expanded-BoldItalic.ttf"; sourceTree = "<group>"; fileEncoding = undefined; lastKnownFileType = unknown; explicitFileType = undefined; includeInIndex = 0; };
		229CDF81DE404B199DB92CC6 /* SourGummy_Expanded-ExtraBold.ttf */ = {isa = PBXFileReference; name = "SourGummy_Expanded-ExtraBold.ttf"; path = "../src/assets/fonts/SourGummy_Expanded-ExtraBold.ttf"; sourceTree = "<group>"; fileEncoding = undefined; lastKnownFileType = unknown; explicitFileType = undefined; includeInIndex = 0; };
		374E2ADB7FEE4865851CC10E /* SourGummy_Expanded-ExtraBoldItalic.ttf */ = {isa = PBXFileReference; name = "SourGummy_Expanded-ExtraBoldItalic.ttf"; path = "../src/assets/fonts/SourGummy_Expanded-ExtraBoldItalic.ttf"; sourceTree = "<group>"; fileEncoding = undefined; lastKnownFileType = unknown; explicitFileType = undefined; includeInIndex = 0; };
		5EF9538EB88341DCA45557C5 /* SourGummy_Expanded-ExtraLight.ttf */ = {isa = PBXFileReference; name = "SourGummy_Expanded-ExtraLight.ttf"; path = "../src/assets/fonts/SourGummy_Expanded-ExtraLight.ttf"; sourceTree = "<group>"; fileEncoding = undefined; lastKnownFileType = unknown; explicitFileType = undefined; includeInIndex = 0; };
		93C36239FE954836A3BDC0FA /* SourGummy_Expanded-ExtraLightItalic.ttf */ = {isa = PBXFileReference; name = "SourGummy_Expanded-ExtraLightItalic.ttf"; path = "../src/assets/fonts/SourGummy_Expanded-ExtraLightItalic.ttf"; sourceTree = "<group>"; fileEncoding = undefined; lastKnownFileType = unknown; explicitFileType = undefined; includeInIndex = 0; };
		B99F17D75B53461FA4558ECB /* SourGummy_Expanded-Italic.ttf */ = {isa = PBXFileReference; name = "SourGummy_Expanded-Italic.ttf"; path = "../src/assets/fonts/SourGummy_Expanded-Italic.ttf"; sourceTree = "<group>"; fileEncoding = undefined; lastKnownFileType = unknown; explicitFileType = undefined; includeInIndex = 0; };
		F722E6285420443285B3289D /* SourGummy_Expanded-Light.ttf */ = {isa = PBXFileReference; name = "SourGummy_Expanded-Light.ttf"; path = "../src/assets/fonts/SourGummy_Expanded-Light.ttf"; sourceTree = "<group>"; fileEncoding = undefined; lastKnownFileType = unknown; explicitFileType = undefined; includeInIndex = 0; };
		79AD928740534F299403D4D2 /* SourGummy_Expanded-LightItalic.ttf */ = {isa = PBXFileReference; name = "SourGummy_Expanded-LightItalic.ttf"; path = "../src/assets/fonts/SourGummy_Expanded-LightItalic.ttf"; sourceTree = "<group>"; fileEncoding = undefined; lastKnownFileType = unknown; explicitFileType = undefined; includeInIndex = 0; };
		5242F61DE32B48F59E703EBA /* SourGummy_Expanded-Medium.ttf */ = {isa = PBXFileReference; name = "SourGummy_Expanded-Medium.ttf"; path = "../src/assets/fonts/SourGummy_Expanded-Medium.ttf"; sourceTree = "<group>"; fileEncoding = undefined; lastKnownFileType = unknown; explicitFileType = undefined; includeInIndex = 0; };
		7C01F9121B46450592F14041 /* SourGummy_Expanded-MediumItalic.ttf */ = {isa = PBXFileReference; name = "SourGummy_Expanded-MediumItalic.ttf"; path = "../src/assets/fonts/SourGummy_Expanded-MediumItalic.ttf"; sourceTree = "<group>"; fileEncoding = undefined; lastKnownFileType = unknown; explicitFileType = undefined; includeInIndex = 0; };
		F38A1C3737F94D4EAAB3D107 /* SourGummy_Expanded-Regular.ttf */ = {isa = PBXFileReference; name = "SourGummy_Expanded-Regular.ttf"; path = "../src/assets/fonts/SourGummy_Expanded-Regular.ttf"; sourceTree = "<group>"; fileEncoding = undefined; lastKnownFileType = unknown; explicitFileType = undefined; includeInIndex = 0; };
		94D4A368B9EA4EC085B655AB /* SourGummy_Expanded-SemiBold.ttf */ = {isa = PBXFileReference; name = "SourGummy_Expanded-SemiBold.ttf"; path = "../src/assets/fonts/SourGummy_Expanded-SemiBold.ttf"; sourceTree = "<group>"; fileEncoding = undefined; lastKnownFileType = unknown; explicitFileType = undefined; includeInIndex = 0; };
		0460630598004E4C8871E98A /* SourGummy_Expanded-SemiBoldItalic.ttf */ = {isa = PBXFileReference; name = "SourGummy_Expanded-SemiBoldItalic.ttf"; path = "../src/assets/fonts/SourGummy_Expanded-SemiBoldItalic.ttf"; sourceTree = "<group>"; fileEncoding = undefined; lastKnownFileType = unknown; explicitFileType = undefined; includeInIndex = 0; };
		8AC9A19925014C55AEDEAC47 /* SourGummy_Expanded-Thin.ttf */ = {isa = PBXFileReference; name = "SourGummy_Expanded-Thin.ttf"; path = "../src/assets/fonts/SourGummy_Expanded-Thin.ttf"; sourceTree = "<group>"; fileEncoding = undefined; lastKnownFileType = unknown; explicitFileType = undefined; includeInIndex = 0; };
		F5764E4AC1E443329FF1B680 /* SourGummy_Expanded-ThinItalic.ttf */ = {isa = PBXFileReference; name = "SourGummy_Expanded-ThinItalic.ttf"; path = "../src/assets/fonts/SourGummy_Expanded-ThinItalic.ttf"; sourceTree = "<group>"; fileEncoding = undefined; lastKnownFileType = unknown; explicitFileType = undefined; includeInIndex = 0; };
		4952A763A2314C03ACB17E95 /* SourGummy_SemiExpanded-Black.ttf */ = {isa = PBXFileReference; name = "SourGummy_SemiExpanded-Black.ttf"; path = "../src/assets/fonts/SourGummy_SemiExpanded-Black.ttf"; sourceTree = "<group>"; fileEncoding = undefined; lastKnownFileType = unknown; explicitFileType = undefined; includeInIndex = 0; };
		E4938A7995FC4C4195F9D67E /* SourGummy_SemiExpanded-BlackItalic.ttf */ = {isa = PBXFileReference; name = "SourGummy_SemiExpanded-BlackItalic.ttf"; path = "../src/assets/fonts/SourGummy_SemiExpanded-BlackItalic.ttf"; sourceTree = "<group>"; fileEncoding = undefined; lastKnownFileType = unknown; explicitFileType = undefined; includeInIndex = 0; };
		6504626EA41349D2A4F51DDA /* SourGummy_SemiExpanded-Bold.ttf */ = {isa = PBXFileReference; name = "SourGummy_SemiExpanded-Bold.ttf"; path = "../src/assets/fonts/SourGummy_SemiExpanded-Bold.ttf"; sourceTree = "<group>"; fileEncoding = undefined; lastKnownFileType = unknown; explicitFileType = undefined; includeInIndex = 0; };
		69F26A500AC948559839D306 /* SourGummy_SemiExpanded-BoldItalic.ttf */ = {isa = PBXFileReference; name = "SourGummy_SemiExpanded-BoldItalic.ttf"; path = "../src/assets/fonts/SourGummy_SemiExpanded-BoldItalic.ttf"; sourceTree = "<group>"; fileEncoding = undefined; lastKnownFileType = unknown; explicitFileType = undefined; includeInIndex = 0; };
		730F6A0662D742F0A09ACF31 /* SourGummy_SemiExpanded-ExtraBold.ttf */ = {isa = PBXFileReference; name = "SourGummy_SemiExpanded-ExtraBold.ttf"; path = "../src/assets/fonts/SourGummy_SemiExpanded-ExtraBold.ttf"; sourceTree = "<group>"; fileEncoding = undefined; lastKnownFileType = unknown; explicitFileType = undefined; includeInIndex = 0; };
		1E51D81D4AC4426CAFABCB33 /* SourGummy_SemiExpanded-ExtraBoldItalic.ttf */ = {isa = PBXFileReference; name = "SourGummy_SemiExpanded-ExtraBoldItalic.ttf"; path = "../src/assets/fonts/SourGummy_SemiExpanded-ExtraBoldItalic.ttf"; sourceTree = "<group>"; fileEncoding = undefined; lastKnownFileType = unknown; explicitFileType = undefined; includeInIndex = 0; };
		91A3175440494C79AF889727 /* SourGummy_SemiExpanded-ExtraLight.ttf */ = {isa = PBXFileReference; name = "SourGummy_SemiExpanded-ExtraLight.ttf"; path = "../src/assets/fonts/SourGummy_SemiExpanded-ExtraLight.ttf"; sourceTree = "<group>"; fileEncoding = undefined; lastKnownFileType = unknown; explicitFileType = undefined; includeInIndex = 0; };
		2A18DAE931A14C758D7EED87 /* SourGummy_SemiExpanded-ExtraLightItalic.ttf */ = {isa = PBXFileReference; name = "SourGummy_SemiExpanded-ExtraLightItalic.ttf"; path = "../src/assets/fonts/SourGummy_SemiExpanded-ExtraLightItalic.ttf"; sourceTree = "<group>"; fileEncoding = undefined; lastKnownFileType = unknown; explicitFileType = undefined; includeInIndex = 0; };
		0FBC577530834EC88B8C4F71 /* SourGummy_SemiExpanded-Italic.ttf */ = {isa = PBXFileReference; name = "SourGummy_SemiExpanded-Italic.ttf"; path = "../src/assets/fonts/SourGummy_SemiExpanded-Italic.ttf"; sourceTree = "<group>"; fileEncoding = undefined; lastKnownFileType = unknown; explicitFileType = undefined; includeInIndex = 0; };
		0BF34F69D99F4BB6A4484B12 /* SourGummy_SemiExpanded-Light.ttf */ = {isa = PBXFileReference; name = "SourGummy_SemiExpanded-Light.ttf"; path = "../src/assets/fonts/SourGummy_SemiExpanded-Light.ttf"; sourceTree = "<group>"; fileEncoding = undefined; lastKnownFileType = unknown; explicitFileType = undefined; includeInIndex = 0; };
		33CD91F6CE43411E84FCA6B2 /* SourGummy_SemiExpanded-LightItalic.ttf */ = {isa = PBXFileReference; name = "SourGummy_SemiExpanded-LightItalic.ttf"; path = "../src/assets/fonts/SourGummy_SemiExpanded-LightItalic.ttf"; sourceTree = "<group>"; fileEncoding = undefined; lastKnownFileType = unknown; explicitFileType = undefined; includeInIndex = 0; };
		892F64EBB5B0427CA268069A /* SourGummy_SemiExpanded-Medium.ttf */ = {isa = PBXFileReference; name = "SourGummy_SemiExpanded-Medium.ttf"; path = "../src/assets/fonts/SourGummy_SemiExpanded-Medium.ttf"; sourceTree = "<group>"; fileEncoding = undefined; lastKnownFileType = unknown; explicitFileType = undefined; includeInIndex = 0; };
		8661CF3E93704DFCAF8F1501 /* SourGummy_SemiExpanded-MediumItalic.ttf */ = {isa = PBXFileReference; name = "SourGummy_SemiExpanded-MediumItalic.ttf"; path = "../src/assets/fonts/SourGummy_SemiExpanded-MediumItalic.ttf"; sourceTree = "<group>"; fileEncoding = undefined; lastKnownFileType = unknown; explicitFileType = undefined; includeInIndex = 0; };
		9FBB99455834475C9CBEAB91 /* SourGummy_SemiExpanded-Regular.ttf */ = {isa = PBXFileReference; name = "SourGummy_SemiExpanded-Regular.ttf"; path = "../src/assets/fonts/SourGummy_SemiExpanded-Regular.ttf"; sourceTree = "<group>"; fileEncoding = undefined; lastKnownFileType = unknown; explicitFileType = undefined; includeInIndex = 0; };
		7CEDC3F275A94A4295D59FD7 /* SourGummy_SemiExpanded-SemiBold.ttf */ = {isa = PBXFileReference; name = "SourGummy_SemiExpanded-SemiBold.ttf"; path = "../src/assets/fonts/SourGummy_SemiExpanded-SemiBold.ttf"; sourceTree = "<group>"; fileEncoding = undefined; lastKnownFileType = unknown; explicitFileType = undefined; includeInIndex = 0; };
		8EAF8769DD1442B8AC2503E1 /* SourGummy_SemiExpanded-SemiBoldItalic.ttf */ = {isa = PBXFileReference; name = "SourGummy_SemiExpanded-SemiBoldItalic.ttf"; path = "../src/assets/fonts/SourGummy_SemiExpanded-SemiBoldItalic.ttf"; sourceTree = "<group>"; fileEncoding = undefined; lastKnownFileType = unknown; explicitFileType = undefined; includeInIndex = 0; };
		A52A52DE849F4AF6A77E4978 /* SourGummy_SemiExpanded-Thin.ttf */ = {isa = PBXFileReference; name = "SourGummy_SemiExpanded-Thin.ttf"; path = "../src/assets/fonts/SourGummy_SemiExpanded-Thin.ttf"; sourceTree = "<group>"; fileEncoding = undefined; lastKnownFileType = unknown; explicitFileType = undefined; includeInIndex = 0; };
		8CC4FE1528BF4C50BF578AD0 /* SourGummy_SemiExpanded-ThinItalic.ttf */ = {isa = PBXFileReference; name = "SourGummy_SemiExpanded-ThinItalic.ttf"; path = "../src/assets/fonts/SourGummy_SemiExpanded-ThinItalic.ttf"; sourceTree = "<group>"; fileEncoding = undefined; lastKnownFileType = unknown; explicitFileType = undefined; includeInIndex = 0; };
/* End PBXFileReference section */

/* Begin PBXFrameworksBuildPhase section */
		00E356EB1AD99517003FC87E /* Frameworks */ = {
			isa = PBXFrameworksBuildPhase;
			buildActionMask = 2147483647;
			files = (
				7699B88040F8A987B510C191 /* libPods-Grocery_Store-Grocery_StoreTests.a in Frameworks */,
			);
			runOnlyForDeploymentPostprocessing = 0;
		};
		13B07F8C1A680F5B00A75B9A /* Frameworks */ = {
			isa = PBXFrameworksBuildPhase;
			buildActionMask = 2147483647;
			files = (
				0C80B921A6F3F58F76C31292 /* libPods-Grocery_Store.a in Frameworks */,
			);
			runOnlyForDeploymentPostprocessing = 0;
		};
/* End PBXFrameworksBuildPhase section */

/* Begin PBXGroup section */
		00E356EF1AD99517003FC87E /* Grocery_StoreTests */ = {
			isa = PBXGroup;
			children = (
				00E356F21AD99517003FC87E /* Grocery_StoreTests.m */,
				00E356F01AD99517003FC87E /* Supporting Files */,
			);
			path = Grocery_StoreTests;
			sourceTree = "<group>";
		};
		00E356F01AD99517003FC87E /* Supporting Files */ = {
			isa = PBXGroup;
			children = (
				00E356F11AD99517003FC87E /* Info.plist */,
			);
			name = "Supporting Files";
			sourceTree = "<group>";
		};
		13B07FAE1A68108700A75B9A /* Grocery_Store */ = {
			isa = PBXGroup;
			children = (
				13B07FAF1A68108700A75B9A /* AppDelegate.h */,
				13B07FB01A68108700A75B9A /* AppDelegate.mm */,
				13B07FB51A68108700A75B9A /* Images.xcassets */,
				13B07FB61A68108700A75B9A /* Info.plist */,
				81AB9BB72411601600AC10FF /* LaunchScreen.storyboard */,
				13B07FB71A68108700A75B9A /* main.m */,
			);
			name = Grocery_Store;
			sourceTree = "<group>";
		};
		2D16E6871FA4F8E400B85C8A /* Frameworks */ = {
			isa = PBXGroup;
			children = (
				ED297162215061F000B7C4FE /* JavaScriptCore.framework */,
				5DCACB8F33CDC322A6C60F78 /* libPods-Grocery_Store.a */,
				19F6CBCC0A4E27FBF8BF4A61 /* libPods-Grocery_Store-Grocery_StoreTests.a */,
			);
			name = Frameworks;
			sourceTree = "<group>";
		};
		832341AE1AAA6A7D00B99B32 /* Libraries */ = {
			isa = PBXGroup;
			children = (
			);
			name = Libraries;
			sourceTree = "<group>";
		};
		83CBB9F61A601CBA00E9B192 = {
			isa = PBXGroup;
			children = (
				13B07FAE1A68108700A75B9A /* Grocery_Store */,
				832341AE1AAA6A7D00B99B32 /* Libraries */,
				00E356EF1AD99517003FC87E /* Grocery_StoreTests */,
				83CBBA001A601CBA00E9B192 /* Products */,
				2D16E6871FA4F8E400B85C8A /* Frameworks */,
				BBD78D7AC51CEA395F1C20DB /* Pods */,
				B3273020F8A9486D98807DCE /* Resources */,
			);
			indentWidth = 2;
			sourceTree = "<group>";
			tabWidth = 2;
			usesTabs = 0;
		};
		83CBBA001A601CBA00E9B192 /* Products */ = {
			isa = PBXGroup;
			children = (
				13B07F961A680F5B00A75B9A /* Grocery_Store.app */,
				00E356EE1AD99517003FC87E /* Grocery_StoreTests.xctest */,
			);
			name = Products;
			sourceTree = "<group>";
		};
		BBD78D7AC51CEA395F1C20DB /* Pods */ = {
			isa = PBXGroup;
			children = (
				3B4392A12AC88292D35C810B /* Pods-Grocery_Store.debug.xcconfig */,
				5709B34CF0A7D63546082F79 /* Pods-Grocery_Store.release.xcconfig */,
				5B7EB9410499542E8C5724F5 /* Pods-Grocery_Store-Grocery_StoreTests.debug.xcconfig */,
				89C6BE57DB24E9ADA2F236DE /* Pods-Grocery_Store-Grocery_StoreTests.release.xcconfig */,
			);
			path = Pods;
			sourceTree = "<group>";
		};
		B3273020F8A9486D98807DCE /* Resources */ = {
			isa = "PBXGroup";
			children = (
				1F006162624E408E9D4178DC /* Inter_Black.ttf */,
				DC25066112CB4AA09C180BDC /* Inter_Bold.ttf */,
				250D409CB34449B0B2C0DD8A /* Inter_ExtraBold.ttf */,
				520108CC26CF4F888932DC69 /* Inter_ExtraLight.ttf */,
				E5EF842C7932410B82FA554F /* Inter_Light.ttf */,
				EFE3661AE83A4B449A4591E5 /* Inter_Medium.ttf */,
				7E7BC53D0C5C473DAAB5E587 /* Inter_Regular.ttf */,
				32E239B87926435FA80E84FC /* Inter_SemiBold.ttf */,
				E5C6C208E8B34F23A2A8C9D8 /* Inter_Thin.ttf */,
				D7BAD3B7B53F4F65855C418B /* Montserrat-Black.ttf */,
				A39489FE5210449A99278BBC /* Montserrat-ExtraBold.ttf */,
				FA983CA950244EEB9035996A /* SourGummy-Black.ttf */,
				50708B3C0A1B4267BE526545 /* SourGummy-BlackItalic.ttf */,
				29D02CC96E584DAB9AC5C1F6 /* SourGummy-Bold.ttf */,
				0172EC791C7D4F0B8EFE7E2B /* SourGummy-BoldItalic.ttf */,
				456F9E868A0F48AD9183CC0B /* SourGummy-ExtraBold.ttf */,
				B94FA6A9FB69410792D1A925 /* SourGummy-ExtraBoldItalic.ttf */,
				D3867F1205EE4CD3971760D1 /* SourGummy-ExtraLight.ttf */,
				CB33662AE098470C83C0A98B /* SourGummy-ExtraLightItalic.ttf */,
				B02AAE336D534B67A9024730 /* SourGummy-Italic.ttf */,
				AA86D3F31E3F41888E2A06AF /* SourGummy-Light.ttf */,
				FD23634F314E406FB173479C /* SourGummy-LightItalic.ttf */,
				1F26CF306F934F23B998B0C8 /* SourGummy-Medium.ttf */,
				4A83D7FF64894ADA9BFEA0E0 /* SourGummy-MediumItalic.ttf */,
				7DDC1CB4B17E49E0B3D44153 /* SourGummy-Regular.ttf */,
				746E3271D8874138A67A5346 /* SourGummy-SemiBold.ttf */,
				2AF2256510884C1F9294E690 /* SourGummy-SemiBoldItalic.ttf */,
				B1ACC4D963684E248E443A4F /* SourGummy-Thin.ttf */,
				568B572991D54ADDB7E25EA5 /* SourGummy-ThinItalic.ttf */,
				F84990063BD24C749117DF2B /* SourGummy_Expanded-Black.ttf */,
				861B816390F54BEEA948DB4A /* SourGummy_Expanded-BlackItalic.ttf */,
				4A98153E811048B99B908A73 /* SourGummy_Expanded-Bold.ttf */,
				AF84E6B24AAD4F829F23E99B /* SourGummy_Expanded-BoldItalic.ttf */,
				229CDF81DE404B199DB92CC6 /* SourGummy_Expanded-ExtraBold.ttf */,
				374E2ADB7FEE4865851CC10E /* SourGummy_Expanded-ExtraBoldItalic.ttf */,
				5EF9538EB88341DCA45557C5 /* SourGummy_Expanded-ExtraLight.ttf */,
				93C36239FE954836A3BDC0FA /* SourGummy_Expanded-ExtraLightItalic.ttf */,
				B99F17D75B53461FA4558ECB /* SourGummy_Expanded-Italic.ttf */,
				F722E6285420443285B3289D /* SourGummy_Expanded-Light.ttf */,
				79AD928740534F299403D4D2 /* SourGummy_Expanded-LightItalic.ttf */,
				5242F61DE32B48F59E703EBA /* SourGummy_Expanded-Medium.ttf */,
				7C01F9121B46450592F14041 /* SourGummy_Expanded-MediumItalic.ttf */,
				F38A1C3737F94D4EAAB3D107 /* SourGummy_Expanded-Regular.ttf */,
				94D4A368B9EA4EC085B655AB /* SourGummy_Expanded-SemiBold.ttf */,
				0460630598004E4C8871E98A /* SourGummy_Expanded-SemiBoldItalic.ttf */,
				8AC9A19925014C55AEDEAC47 /* SourGummy_Expanded-Thin.ttf */,
				F5764E4AC1E443329FF1B680 /* SourGummy_Expanded-ThinItalic.ttf */,
				4952A763A2314C03ACB17E95 /* SourGummy_SemiExpanded-Black.ttf */,
				E4938A7995FC4C4195F9D67E /* SourGummy_SemiExpanded-BlackItalic.ttf */,
				6504626EA41349D2A4F51DDA /* SourGummy_SemiExpanded-Bold.ttf */,
				69F26A500AC948559839D306 /* SourGummy_SemiExpanded-BoldItalic.ttf */,
				730F6A0662D742F0A09ACF31 /* SourGummy_SemiExpanded-ExtraBold.ttf */,
				1E51D81D4AC4426CAFABCB33 /* SourGummy_SemiExpanded-ExtraBoldItalic.ttf */,
				91A3175440494C79AF889727 /* SourGummy_SemiExpanded-ExtraLight.ttf */,
				2A18DAE931A14C758D7EED87 /* SourGummy_SemiExpanded-ExtraLightItalic.ttf */,
				0FBC577530834EC88B8C4F71 /* SourGummy_SemiExpanded-Italic.ttf */,
				0BF34F69D99F4BB6A4484B12 /* SourGummy_SemiExpanded-Light.ttf */,
				33CD91F6CE43411E84FCA6B2 /* SourGummy_SemiExpanded-LightItalic.ttf */,
				892F64EBB5B0427CA268069A /* SourGummy_SemiExpanded-Medium.ttf */,
				8661CF3E93704DFCAF8F1501 /* SourGummy_SemiExpanded-MediumItalic.ttf */,
				9FBB99455834475C9CBEAB91 /* SourGummy_SemiExpanded-Regular.ttf */,
				7CEDC3F275A94A4295D59FD7 /* SourGummy_SemiExpanded-SemiBold.ttf */,
				8EAF8769DD1442B8AC2503E1 /* SourGummy_SemiExpanded-SemiBoldItalic.ttf */,
				A52A52DE849F4AF6A77E4978 /* SourGummy_SemiExpanded-Thin.ttf */,
				8CC4FE1528BF4C50BF578AD0 /* SourGummy_SemiExpanded-ThinItalic.ttf */,
			);
			name = Resources;
			sourceTree = "<group>";
			path = "";
		};
/* End PBXGroup section */

/* Begin PBXNativeTarget section */
		00E356ED1AD99517003FC87E /* Grocery_StoreTests */ = {
			isa = PBXNativeTarget;
			buildConfigurationList = 00E357021AD99517003FC87E /* Build configuration list for PBXNativeTarget "Grocery_StoreTests" */;
			buildPhases = (
				A55EABD7B0C7F3A422A6CC61 /* [CP] Check Pods Manifest.lock */,
				00E356EA1AD99517003FC87E /* Sources */,
				00E356EB1AD99517003FC87E /* Frameworks */,
				00E356EC1AD99517003FC87E /* Resources */,
				C59DA0FBD6956966B86A3779 /* [CP] Embed Pods Frameworks */,
				F6A41C54EA430FDDC6A6ED99 /* [CP] Copy Pods Resources */,
			);
			buildRules = (
			);
			dependencies = (
				00E356F51AD99517003FC87E /* PBXTargetDependency */,
			);
			name = Grocery_StoreTests;
			productName = Grocery_StoreTests;
			productReference = 00E356EE1AD99517003FC87E /* Grocery_StoreTests.xctest */;
			productType = "com.apple.product-type.bundle.unit-test";
		};
		13B07F861A680F5B00A75B9A /* Grocery_Store */ = {
			isa = PBXNativeTarget;
			buildConfigurationList = 13B07F931A680F5B00A75B9A /* Build configuration list for PBXNativeTarget "Grocery_Store" */;
			buildPhases = (
				C38B50BA6285516D6DCD4F65 /* [CP] Check Pods Manifest.lock */,
				13B07F871A680F5B00A75B9A /* Sources */,
				13B07F8C1A680F5B00A75B9A /* Frameworks */,
				13B07F8E1A680F5B00A75B9A /* Resources */,
				00DD1BFF1BD5951E006B06BC /* Bundle React Native code and images */,
				00EEFC60759A1932668264C0 /* [CP] Embed Pods Frameworks */,
				E235C05ADACE081382539298 /* [CP] Copy Pods Resources */,
			);
			buildRules = (
			);
			dependencies = (
			);
			name = Grocery_Store;
			productName = Grocery_Store;
			productReference = 13B07F961A680F5B00A75B9A /* Grocery_Store.app */;
			productType = "com.apple.product-type.application";
		};
/* End PBXNativeTarget section */

/* Begin PBXProject section */
		83CBB9F71A601CBA00E9B192 /* Project object */ = {
			isa = PBXProject;
			attributes = {
				LastUpgradeCheck = 1210;
				TargetAttributes = {
					00E356ED1AD99517003FC87E = {
						CreatedOnToolsVersion = 6.2;
						TestTargetID = 13B07F861A680F5B00A75B9A;
					};
					13B07F861A680F5B00A75B9A = {
						LastSwiftMigration = 1120;
					};
				};
			};
			buildConfigurationList = 83CBB9FA1A601CBA00E9B192 /* Build configuration list for PBXProject "Grocery_Store" */;
			compatibilityVersion = "Xcode 12.0";
			developmentRegion = en;
			hasScannedForEncodings = 0;
			knownRegions = (
				en,
				Base,
			);
			mainGroup = 83CBB9F61A601CBA00E9B192;
			productRefGroup = 83CBBA001A601CBA00E9B192 /* Products */;
			projectDirPath = "";
			projectRoot = "";
			targets = (
				13B07F861A680F5B00A75B9A /* Grocery_Store */,
				00E356ED1AD99517003FC87E /* Grocery_StoreTests */,
			);
		};
/* End PBXProject section */

/* Begin PBXResourcesBuildPhase section */
		00E356EC1AD99517003FC87E /* Resources */ = {
			isa = PBXResourcesBuildPhase;
			buildActionMask = 2147483647;
			files = (
			);
			runOnlyForDeploymentPostprocessing = 0;
		};
		13B07F8E1A680F5B00A75B9A /* Resources */ = {
			isa = PBXResourcesBuildPhase;
			buildActionMask = 2147483647;
			files = (
				81AB9BB82411601600AC10FF /* LaunchScreen.storyboard in Resources */,
				13B07FBF1A68108700A75B9A /* Images.xcassets in Resources */,
				AE7F049C21EF4CBDBED389FC /* Inter_Black.ttf in Resources */,
				34038F213C68412F8BEB806D /* Inter_Bold.ttf in Resources */,
				0DD005638269414C8DB331A8 /* Inter_ExtraBold.ttf in Resources */,
				DE304DD1EB724F4D90305DCF /* Inter_ExtraLight.ttf in Resources */,
				2309FC6C8B0A4BF8A455B8E6 /* Inter_Light.ttf in Resources */,
				58CB73EF46B5451DA4679859 /* Inter_Medium.ttf in Resources */,
				6D6818A585B04518BBEDCD77 /* Inter_Regular.ttf in Resources */,
				733E3FF8D6C94F758F159993 /* Inter_SemiBold.ttf in Resources */,
				87F3AF22E76D48B1A2029C97 /* Inter_Thin.ttf in Resources */,
				AF70817DF38C41999658E77C /* Montserrat-Black.ttf in Resources */,
				EB35BBB2216242D6B9314C28 /* Montserrat-ExtraBold.ttf in Resources */,
				58A1646A52FE4AEC8F926644 /* SourGummy-Black.ttf in Resources */,
				2A37FAF21D4A42A4B1CBB47A /* SourGummy-BlackItalic.ttf in Resources */,
				DA746225C0CF4C1395E0348B /* SourGummy-Bold.ttf in Resources */,
				AA8EA1D340F34BED94F9C5B8 /* SourGummy-BoldItalic.ttf in Resources */,
				BB1E057887CE460E99069637 /* SourGummy-ExtraBold.ttf in Resources */,
				AA93F9C0D7A2432B858B6401 /* SourGummy-ExtraBoldItalic.ttf in Resources */,
				4C86D10BD63C41F58C907BA5 /* SourGummy-ExtraLight.ttf in Resources */,
				E6BAC9674C2C4DA389987E84 /* SourGummy-ExtraLightItalic.ttf in Resources */,
				AC7FD89BEB5A47D4A5B0C009 /* SourGummy-Italic.ttf in Resources */,
				683D75EE450348AD95DB6EDB /* SourGummy-Light.ttf in Resources */,
				D8A45CE718E84B2EB9382831 /* SourGummy-LightItalic.ttf in Resources */,
				349FB67D4D084E2AA9C53633 /* SourGummy-Medium.ttf in Resources */,
				8B3414097EC748DBA9F5C5C9 /* SourGummy-MediumItalic.ttf in Resources */,
				84EEED985BDF47A6B73A9AF3 /* SourGummy-Regular.ttf in Resources */,
				B77CB494B282456B9C6669F3 /* SourGummy-SemiBold.ttf in Resources */,
				6A60C03D5FF7438088FAB077 /* SourGummy-SemiBoldItalic.ttf in Resources */,
				C7F8700ACD20416FA384A4BB /* SourGummy-Thin.ttf in Resources */,
				F6863CEA23EC46FFB4C4A36F /* SourGummy-ThinItalic.ttf in Resources */,
				C83EFF4F53984AFFBFA31843 /* SourGummy_Expanded-Black.ttf in Resources */,
				0C54B1A21CBC4519A1AC3C32 /* SourGummy_Expanded-BlackItalic.ttf in Resources */,
				1EFE89D486084BE6B0E19FCE /* SourGummy_Expanded-Bold.ttf in Resources */,
				BAB2CDBE39004F28A3FF37F4 /* SourGummy_Expanded-BoldItalic.ttf in Resources */,
				E9B01208A29F473C9FC2FB03 /* SourGummy_Expanded-ExtraBold.ttf in Resources */,
				16DBAF3BB0CE4CAFABF04F04 /* SourGummy_Expanded-ExtraBoldItalic.ttf in Resources */,
				47C463EA9AE047E7963E171D /* SourGummy_Expanded-ExtraLight.ttf in Resources */,
				6DADA084ED194F0180A39E8D /* SourGummy_Expanded-ExtraLightItalic.ttf in Resources */,
				6554B3D70D1544F8B3D130F4 /* SourGummy_Expanded-Italic.ttf in Resources */,
				25E2730A876D43FCA15B0AF0 /* SourGummy_Expanded-Light.ttf in Resources */,
				99662ADDDE1C4606BA468932 /* SourGummy_Expanded-LightItalic.ttf in Resources */,
				67F72CA9A4B042D1A388BF4E /* SourGummy_Expanded-Medium.ttf in Resources */,
				7799401AF7674DF0BD430CCF /* SourGummy_Expanded-MediumItalic.ttf in Resources */,
				51B43ED25F1F4864A6343CB4 /* SourGummy_Expanded-Regular.ttf in Resources */,
				11D1155C8AAC4FD6AF8BA787 /* SourGummy_Expanded-SemiBold.ttf in Resources */,
				75590816B1B3420ABBFBC02C /* SourGummy_Expanded-SemiBoldItalic.ttf in Resources */,
				DF3E1C3404EE40ED811D9A6B /* SourGummy_Expanded-Thin.ttf in Resources */,
				5977E8AEBA1542AFB6ED659C /* SourGummy_Expanded-ThinItalic.ttf in Resources */,
				117F3B73252C4E69B4608C9F /* SourGummy_SemiExpanded-Black.ttf in Resources */,
				58DD8B35863540CC8322216E /* SourGummy_SemiExpanded-BlackItalic.ttf in Resources */,
				98E02BEED7E24799A6BED731 /* SourGummy_SemiExpanded-Bold.ttf in Resources */,
				B9CEBBFC67624D979361CF49 /* SourGummy_SemiExpanded-BoldItalic.ttf in Resources */,
				CA3F7F3EFD4C4BB79D43AE92 /* SourGummy_SemiExpanded-ExtraBold.ttf in Resources */,
				56436453DD554B5A8365DA70 /* SourGummy_SemiExpanded-ExtraBoldItalic.ttf in Resources */,
				97D74C263B6A453E9B682576 /* SourGummy_SemiExpanded-ExtraLight.ttf in Resources */,
				048C2F11BF044D428EF30858 /* SourGummy_SemiExpanded-ExtraLightItalic.ttf in Resources */,
				13396E3B003F41789899E241 /* SourGummy_SemiExpanded-Italic.ttf in Resources */,
				EC74174E60DC4B48AB06B19D /* SourGummy_SemiExpanded-Light.ttf in Resources */,
				A2607472C26A457B8D8C1043 /* SourGummy_SemiExpanded-LightItalic.ttf in Resources */,
				68F7F2DEE1F14966A9D7CB09 /* SourGummy_SemiExpanded-Medium.ttf in Resources */,
				5FC817F1858343C4B76E85E8 /* SourGummy_SemiExpanded-MediumItalic.ttf in Resources */,
				211FBBA7B72B4D4C8CC1F53C /* SourGummy_SemiExpanded-Regular.ttf in Resources */,
				33F2B67986D84809AF9299AE /* SourGummy_SemiExpanded-SemiBold.ttf in Resources */,
				5B94026878B74E868F0BAD58 /* SourGummy_SemiExpanded-SemiBoldItalic.ttf in Resources */,
				D2E25B395565494294FD53DA /* SourGummy_SemiExpanded-Thin.ttf in Resources */,
				3F677B3A87404506901EF9E8 /* SourGummy_SemiExpanded-ThinItalic.ttf in Resources */,
			);
			runOnlyForDeploymentPostprocessing = 0;
		};
/* End PBXResourcesBuildPhase section */

/* Begin PBXShellScriptBuildPhase section */
		00DD1BFF1BD5951E006B06BC /* Bundle React Native code and images */ = {
			isa = PBXShellScriptBuildPhase;
			buildActionMask = 2147483647;
			files = (
			);
			inputPaths = (
				"$(SRCROOT)/.xcode.env.local",
				"$(SRCROOT)/.xcode.env",
			);
			name = "Bundle React Native code and images";
			outputPaths = (
			);
			runOnlyForDeploymentPostprocessing = 0;
			shellPath = /bin/sh;
			shellScript = "set -e\n\nWITH_ENVIRONMENT=\"../node_modules/react-native/scripts/xcode/with-environment.sh\"\nREACT_NATIVE_XCODE=\"../node_modules/react-native/scripts/react-native-xcode.sh\"\n\n/bin/sh -c \"$WITH_ENVIRONMENT $REACT_NATIVE_XCODE\"\n";
		};
		00EEFC60759A1932668264C0 /* [CP] Embed Pods Frameworks */ = {
			isa = PBXShellScriptBuildPhase;
			buildActionMask = 2147483647;
			files = (
			);
			inputFileListPaths = (
				"${PODS_ROOT}/Target Support Files/Pods-Grocery_Store/Pods-Grocery_Store-frameworks-${CONFIGURATION}-input-files.xcfilelist",
			);
			name = "[CP] Embed Pods Frameworks";
			outputFileListPaths = (
				"${PODS_ROOT}/Target Support Files/Pods-Grocery_Store/Pods-Grocery_Store-frameworks-${CONFIGURATION}-output-files.xcfilelist",
			);
			runOnlyForDeploymentPostprocessing = 0;
			shellPath = /bin/sh;
			shellScript = "\"${PODS_ROOT}/Target Support Files/Pods-Grocery_Store/Pods-Grocery_Store-frameworks.sh\"\n";
			showEnvVarsInLog = 0;
		};
		A55EABD7B0C7F3A422A6CC61 /* [CP] Check Pods Manifest.lock */ = {
			isa = PBXShellScriptBuildPhase;
			buildActionMask = 2147483647;
			files = (
			);
			inputFileListPaths = (
			);
			inputPaths = (
				"${PODS_PODFILE_DIR_PATH}/Podfile.lock",
				"${PODS_ROOT}/Manifest.lock",
			);
			name = "[CP] Check Pods Manifest.lock";
			outputFileListPaths = (
			);
			outputPaths = (
				"$(DERIVED_FILE_DIR)/Pods-Grocery_Store-Grocery_StoreTests-checkManifestLockResult.txt",
			);
			runOnlyForDeploymentPostprocessing = 0;
			shellPath = /bin/sh;
			shellScript = "diff \"${PODS_PODFILE_DIR_PATH}/Podfile.lock\" \"${PODS_ROOT}/Manifest.lock\" > /dev/null\nif [ $? != 0 ] ; then\n    # print error to STDERR\n    echo \"error: The sandbox is not in sync with the Podfile.lock. Run 'pod install' or update your CocoaPods installation.\" >&2\n    exit 1\nfi\n# This output is used by Xcode 'outputs' to avoid re-running this script phase.\necho \"SUCCESS\" > \"${SCRIPT_OUTPUT_FILE_0}\"\n";
			showEnvVarsInLog = 0;
		};
		C38B50BA6285516D6DCD4F65 /* [CP] Check Pods Manifest.lock */ = {
			isa = PBXShellScriptBuildPhase;
			buildActionMask = 2147483647;
			files = (
			);
			inputFileListPaths = (
			);
			inputPaths = (
				"${PODS_PODFILE_DIR_PATH}/Podfile.lock",
				"${PODS_ROOT}/Manifest.lock",
			);
			name = "[CP] Check Pods Manifest.lock";
			outputFileListPaths = (
			);
			outputPaths = (
				"$(DERIVED_FILE_DIR)/Pods-Grocery_Store-checkManifestLockResult.txt",
			);
			runOnlyForDeploymentPostprocessing = 0;
			shellPath = /bin/sh;
			shellScript = "diff \"${PODS_PODFILE_DIR_PATH}/Podfile.lock\" \"${PODS_ROOT}/Manifest.lock\" > /dev/null\nif [ $? != 0 ] ; then\n    # print error to STDERR\n    echo \"error: The sandbox is not in sync with the Podfile.lock. Run 'pod install' or update your CocoaPods installation.\" >&2\n    exit 1\nfi\n# This output is used by Xcode 'outputs' to avoid re-running this script phase.\necho \"SUCCESS\" > \"${SCRIPT_OUTPUT_FILE_0}\"\n";
			showEnvVarsInLog = 0;
		};
		C59DA0FBD6956966B86A3779 /* [CP] Embed Pods Frameworks */ = {
			isa = PBXShellScriptBuildPhase;
			buildActionMask = 2147483647;
			files = (
			);
			inputFileListPaths = (
				"${PODS_ROOT}/Target Support Files/Pods-Grocery_Store-Grocery_StoreTests/Pods-Grocery_Store-Grocery_StoreTests-frameworks-${CONFIGURATION}-input-files.xcfilelist",
			);
			name = "[CP] Embed Pods Frameworks";
			outputFileListPaths = (
				"${PODS_ROOT}/Target Support Files/Pods-Grocery_Store-Grocery_StoreTests/Pods-Grocery_Store-Grocery_StoreTests-frameworks-${CONFIGURATION}-output-files.xcfilelist",
			);
			runOnlyForDeploymentPostprocessing = 0;
			shellPath = /bin/sh;
			shellScript = "\"${PODS_ROOT}/Target Support Files/Pods-Grocery_Store-Grocery_StoreTests/Pods-Grocery_Store-Grocery_StoreTests-frameworks.sh\"\n";
			showEnvVarsInLog = 0;
		};
		E235C05ADACE081382539298 /* [CP] Copy Pods Resources */ = {
			isa = PBXShellScriptBuildPhase;
			buildActionMask = 2147483647;
			files = (
			);
			inputFileListPaths = (
				"${PODS_ROOT}/Target Support Files/Pods-Grocery_Store/Pods-Grocery_Store-resources-${CONFIGURATION}-input-files.xcfilelist",
			);
			name = "[CP] Copy Pods Resources";
			outputFileListPaths = (
				"${PODS_ROOT}/Target Support Files/Pods-Grocery_Store/Pods-Grocery_Store-resources-${CONFIGURATION}-output-files.xcfilelist",
			);
			runOnlyForDeploymentPostprocessing = 0;
			shellPath = /bin/sh;
			shellScript = "\"${PODS_ROOT}/Target Support Files/Pods-Grocery_Store/Pods-Grocery_Store-resources.sh\"\n";
			showEnvVarsInLog = 0;
		};
		F6A41C54EA430FDDC6A6ED99 /* [CP] Copy Pods Resources */ = {
			isa = PBXShellScriptBuildPhase;
			buildActionMask = 2147483647;
			files = (
			);
			inputFileListPaths = (
				"${PODS_ROOT}/Target Support Files/Pods-Grocery_Store-Grocery_StoreTests/Pods-Grocery_Store-Grocery_StoreTests-resources-${CONFIGURATION}-input-files.xcfilelist",
			);
			name = "[CP] Copy Pods Resources";
			outputFileListPaths = (
				"${PODS_ROOT}/Target Support Files/Pods-Grocery_Store-Grocery_StoreTests/Pods-Grocery_Store-Grocery_StoreTests-resources-${CONFIGURATION}-output-files.xcfilelist",
			);
			runOnlyForDeploymentPostprocessing = 0;
			shellPath = /bin/sh;
			shellScript = "\"${PODS_ROOT}/Target Support Files/Pods-Grocery_Store-Grocery_StoreTests/Pods-Grocery_Store-Grocery_StoreTests-resources.sh\"\n";
			showEnvVarsInLog = 0;
		};
/* End PBXShellScriptBuildPhase section */

/* Begin PBXSourcesBuildPhase section */
		00E356EA1AD99517003FC87E /* Sources */ = {
			isa = PBXSourcesBuildPhase;
			buildActionMask = 2147483647;
			files = (
				00E356F31AD99517003FC87E /* Grocery_StoreTests.m in Sources */,
			);
			runOnlyForDeploymentPostprocessing = 0;
		};
		13B07F871A680F5B00A75B9A /* Sources */ = {
			isa = PBXSourcesBuildPhase;
			buildActionMask = 2147483647;
			files = (
				13B07FBC1A68108700A75B9A /* AppDelegate.mm in Sources */,
				13B07FC11A68108700A75B9A /* main.m in Sources */,
			);
			runOnlyForDeploymentPostprocessing = 0;
		};
/* End PBXSourcesBuildPhase section */

/* Begin PBXTargetDependency section */
		00E356F51AD99517003FC87E /* PBXTargetDependency */ = {
			isa = PBXTargetDependency;
			target = 13B07F861A680F5B00A75B9A /* Grocery_Store */;
			targetProxy = 00E356F41AD99517003FC87E /* PBXContainerItemProxy */;
		};
/* End PBXTargetDependency section */

/* Begin XCBuildConfiguration section */
		00E356F61AD99517003FC87E /* Debug */ = {
			isa = XCBuildConfiguration;
			baseConfigurationReference = 5B7EB9410499542E8C5724F5 /* Pods-Grocery_Store-Grocery_StoreTests.debug.xcconfig */;
			buildSettings = {
				BUNDLE_LOADER = "$(TEST_HOST)";
				GCC_PREPROCESSOR_DEFINITIONS = (
					"DEBUG=1",
					"$(inherited)",
				);
				INFOPLIST_FILE = Grocery_StoreTests/Info.plist;
				IPHONEOS_DEPLOYMENT_TARGET = 13.4;
				LD_RUNPATH_SEARCH_PATHS = (
					"$(inherited)",
					"@executable_path/Frameworks",
					"@loader_path/Frameworks",
				);
				OTHER_LDFLAGS = (
					"-ObjC",
					"-lc++",
					"$(inherited)",
				);
				PRODUCT_BUNDLE_IDENTIFIER = "org.reactjs.native.example.$(PRODUCT_NAME:rfc1034identifier)";
				PRODUCT_NAME = "$(TARGET_NAME)";
				TEST_HOST = "$(BUILT_PRODUCTS_DIR)/Grocery_Store.app/Grocery_Store";
			};
			name = Debug;
		};
		00E356F71AD99517003FC87E /* Release */ = {
			isa = XCBuildConfiguration;
			baseConfigurationReference = 89C6BE57DB24E9ADA2F236DE /* Pods-Grocery_Store-Grocery_StoreTests.release.xcconfig */;
			buildSettings = {
				BUNDLE_LOADER = "$(TEST_HOST)";
				COPY_PHASE_STRIP = NO;
				INFOPLIST_FILE = Grocery_StoreTests/Info.plist;
				IPHONEOS_DEPLOYMENT_TARGET = 13.4;
				LD_RUNPATH_SEARCH_PATHS = (
					"$(inherited)",
					"@executable_path/Frameworks",
					"@loader_path/Frameworks",
				);
				OTHER_LDFLAGS = (
					"-ObjC",
					"-lc++",
					"$(inherited)",
				);
				PRODUCT_BUNDLE_IDENTIFIER = "org.reactjs.native.example.$(PRODUCT_NAME:rfc1034identifier)";
				PRODUCT_NAME = "$(TARGET_NAME)";
				TEST_HOST = "$(BUILT_PRODUCTS_DIR)/Grocery_Store.app/Grocery_Store";
			};
			name = Release;
		};
		13B07F941A680F5B00A75B9A /* Debug */ = {
			isa = XCBuildConfiguration;
			baseConfigurationReference = 3B4392A12AC88292D35C810B /* Pods-Grocery_Store.debug.xcconfig */;
			buildSettings = {
				ASSETCATALOG_COMPILER_APPICON_NAME = AppIcon;
				CLANG_ENABLE_MODULES = YES;
				CURRENT_PROJECT_VERSION = 1;
				ENABLE_BITCODE = NO;
				INFOPLIST_FILE = Grocery_Store/Info.plist;
				LD_RUNPATH_SEARCH_PATHS = (
					"$(inherited)",
					"@executable_path/Frameworks",
				);
				MARKETING_VERSION = 1.0;
				OTHER_LDFLAGS = (
					"$(inherited)",
					"-ObjC",
					"-lc++",
				);
				PRODUCT_BUNDLE_IDENTIFIER = "org.reactjs.native.example.$(PRODUCT_NAME:rfc1034identifier)";
				PRODUCT_NAME = Grocery_Store;
				SWIFT_OPTIMIZATION_LEVEL = "-Onone";
				SWIFT_VERSION = 5.0;
				VERSIONING_SYSTEM = "apple-generic";
			};
			name = Debug;
		};
		13B07F951A680F5B00A75B9A /* Release */ = {
			isa = XCBuildConfiguration;
			baseConfigurationReference = 5709B34CF0A7D63546082F79 /* Pods-Grocery_Store.release.xcconfig */;
			buildSettings = {
				ASSETCATALOG_COMPILER_APPICON_NAME = AppIcon;
				CLANG_ENABLE_MODULES = YES;
				CURRENT_PROJECT_VERSION = 1;
				INFOPLIST_FILE = Grocery_Store/Info.plist;
				LD_RUNPATH_SEARCH_PATHS = (
					"$(inherited)",
					"@executable_path/Frameworks",
				);
				MARKETING_VERSION = 1.0;
				OTHER_LDFLAGS = (
					"$(inherited)",
					"-ObjC",
					"-lc++",
				);
				PRODUCT_BUNDLE_IDENTIFIER = "org.reactjs.native.example.$(PRODUCT_NAME:rfc1034identifier)";
				PRODUCT_NAME = Grocery_Store;
				SWIFT_VERSION = 5.0;
				VERSIONING_SYSTEM = "apple-generic";
			};
			name = Release;
		};
		83CBBA201A601CBA00E9B192 /* Debug */ = {
			isa = XCBuildConfiguration;
			buildSettings = {
				ALWAYS_SEARCH_USER_PATHS = NO;
				CLANG_ANALYZER_LOCALIZABILITY_NONLOCALIZED = YES;
				CLANG_CXX_LANGUAGE_STANDARD = "c++20";
				CLANG_CXX_LIBRARY = "libc++";
				CLANG_ENABLE_MODULES = YES;
				CLANG_ENABLE_OBJC_ARC = YES;
				CLANG_WARN_BLOCK_CAPTURE_AUTORELEASING = YES;
				CLANG_WARN_BOOL_CONVERSION = YES;
				CLANG_WARN_COMMA = YES;
				CLANG_WARN_CONSTANT_CONVERSION = YES;
				CLANG_WARN_DEPRECATED_OBJC_IMPLEMENTATIONS = YES;
				CLANG_WARN_DIRECT_OBJC_ISA_USAGE = YES_ERROR;
				CLANG_WARN_EMPTY_BODY = YES;
				CLANG_WARN_ENUM_CONVERSION = YES;
				CLANG_WARN_INFINITE_RECURSION = YES;
				CLANG_WARN_INT_CONVERSION = YES;
				CLANG_WARN_NON_LITERAL_NULL_CONVERSION = YES;
				CLANG_WARN_OBJC_IMPLICIT_RETAIN_SELF = YES;
				CLANG_WARN_OBJC_LITERAL_CONVERSION = YES;
				CLANG_WARN_OBJC_ROOT_CLASS = YES_ERROR;
				CLANG_WARN_QUOTED_INCLUDE_IN_FRAMEWORK_HEADER = YES;
				CLANG_WARN_RANGE_LOOP_ANALYSIS = YES;
				CLANG_WARN_STRICT_PROTOTYPES = YES;
				CLANG_WARN_SUSPICIOUS_MOVE = YES;
				CLANG_WARN_UNREACHABLE_CODE = YES;
				CLANG_WARN__DUPLICATE_METHOD_MATCH = YES;
				"CODE_SIGN_IDENTITY[sdk=iphoneos*]" = "iPhone Developer";
				COPY_PHASE_STRIP = NO;
				ENABLE_STRICT_OBJC_MSGSEND = YES;
				ENABLE_TESTABILITY = YES;
				"EXCLUDED_ARCHS[sdk=iphonesimulator*]" = "";
				GCC_C_LANGUAGE_STANDARD = gnu99;
				GCC_DYNAMIC_NO_PIC = NO;
				GCC_NO_COMMON_BLOCKS = YES;
				GCC_OPTIMIZATION_LEVEL = 0;
				GCC_PREPROCESSOR_DEFINITIONS = (
					"DEBUG=1",
					"$(inherited)",
				);
				GCC_SYMBOLS_PRIVATE_EXTERN = NO;
				GCC_WARN_64_TO_32_BIT_CONVERSION = YES;
				GCC_WARN_ABOUT_RETURN_TYPE = YES_ERROR;
				GCC_WARN_UNDECLARED_SELECTOR = YES;
				GCC_WARN_UNINITIALIZED_AUTOS = YES_AGGRESSIVE;
				GCC_WARN_UNUSED_FUNCTION = YES;
				GCC_WARN_UNUSED_VARIABLE = YES;
				IPHONEOS_DEPLOYMENT_TARGET = 13.4;
				LD_RUNPATH_SEARCH_PATHS = (
					/usr/lib/swift,
					"$(inherited)",
				);
				LIBRARY_SEARCH_PATHS = (
					"\"$(SDKROOT)/usr/lib/swift\"",
					"\"$(TOOLCHAIN_DIR)/usr/lib/swift/$(PLATFORM_NAME)\"",
					"\"$(inherited)\"",
				);
				MTL_ENABLE_DEBUG_INFO = YES;
				ONLY_ACTIVE_ARCH = YES;
				OTHER_CPLUSPLUSFLAGS = (
					"$(OTHER_CFLAGS)",
					"-DFOLLY_NO_CONFIG",
					"-DFOLLY_MOBILE=1",
					"-DFOLLY_USE_LIBCPP=1",
					"-DFOLLY_CFG_NO_COROUTINES=1",
				);
				SDKROOT = iphoneos;
			};
			name = Debug;
		};
		83CBBA211A601CBA00E9B192 /* Release */ = {
			isa = XCBuildConfiguration;
			buildSettings = {
				ALWAYS_SEARCH_USER_PATHS = NO;
				CLANG_ANALYZER_LOCALIZABILITY_NONLOCALIZED = YES;
				CLANG_CXX_LANGUAGE_STANDARD = "c++20";
				CLANG_CXX_LIBRARY = "libc++";
				CLANG_ENABLE_MODULES = YES;
				CLANG_ENABLE_OBJC_ARC = YES;
				CLANG_WARN_BLOCK_CAPTURE_AUTORELEASING = YES;
				CLANG_WARN_BOOL_CONVERSION = YES;
				CLANG_WARN_COMMA = YES;
				CLANG_WARN_CONSTANT_CONVERSION = YES;
				CLANG_WARN_DEPRECATED_OBJC_IMPLEMENTATIONS = YES;
				CLANG_WARN_DIRECT_OBJC_ISA_USAGE = YES_ERROR;
				CLANG_WARN_EMPTY_BODY = YES;
				CLANG_WARN_ENUM_CONVERSION = YES;
				CLANG_WARN_INFINITE_RECURSION = YES;
				CLANG_WARN_INT_CONVERSION = YES;
				CLANG_WARN_NON_LITERAL_NULL_CONVERSION = YES;
				CLANG_WARN_OBJC_IMPLICIT_RETAIN_SELF = YES;
				CLANG_WARN_OBJC_LITERAL_CONVERSION = YES;
				CLANG_WARN_OBJC_ROOT_CLASS = YES_ERROR;
				CLANG_WARN_QUOTED_INCLUDE_IN_FRAMEWORK_HEADER = YES;
				CLANG_WARN_RANGE_LOOP_ANALYSIS = YES;
				CLANG_WARN_STRICT_PROTOTYPES = YES;
				CLANG_WARN_SUSPICIOUS_MOVE = YES;
				CLANG_WARN_UNREACHABLE_CODE = YES;
				CLANG_WARN__DUPLICATE_METHOD_MATCH = YES;
				"CODE_SIGN_IDENTITY[sdk=iphoneos*]" = "iPhone Developer";
				COPY_PHASE_STRIP = YES;
				ENABLE_NS_ASSERTIONS = NO;
				ENABLE_STRICT_OBJC_MSGSEND = YES;
				"EXCLUDED_ARCHS[sdk=iphonesimulator*]" = "";
				GCC_C_LANGUAGE_STANDARD = gnu99;
				GCC_NO_COMMON_BLOCKS = YES;
				GCC_WARN_64_TO_32_BIT_CONVERSION = YES;
				GCC_WARN_ABOUT_RETURN_TYPE = YES_ERROR;
				GCC_WARN_UNDECLARED_SELECTOR = YES;
				GCC_WARN_UNINITIALIZED_AUTOS = YES_AGGRESSIVE;
				GCC_WARN_UNUSED_FUNCTION = YES;
				GCC_WARN_UNUSED_VARIABLE = YES;
				IPHONEOS_DEPLOYMENT_TARGET = 13.4;
				LD_RUNPATH_SEARCH_PATHS = (
					/usr/lib/swift,
					"$(inherited)",
				);
				LIBRARY_SEARCH_PATHS = (
					"\"$(SDKROOT)/usr/lib/swift\"",
					"\"$(TOOLCHAIN_DIR)/usr/lib/swift/$(PLATFORM_NAME)\"",
					"\"$(inherited)\"",
				);
				MTL_ENABLE_DEBUG_INFO = NO;
				OTHER_CPLUSPLUSFLAGS = (
					"$(OTHER_CFLAGS)",
					"-DFOLLY_NO_CONFIG",
					"-DFOLLY_MOBILE=1",
					"-DFOLLY_USE_LIBCPP=1",
					"-DFOLLY_CFG_NO_COROUTINES=1",
				);
				SDKROOT = iphoneos;
				VALIDATE_PRODUCT = YES;
			};
			name = Release;
		};
/* End XCBuildConfiguration section */

/* Begin XCConfigurationList section */
		00E357021AD99517003FC87E /* Build configuration list for PBXNativeTarget "Grocery_StoreTests" */ = {
			isa = XCConfigurationList;
			buildConfigurations = (
				00E356F61AD99517003FC87E /* Debug */,
				00E356F71AD99517003FC87E /* Release */,
			);
			defaultConfigurationIsVisible = 0;
			defaultConfigurationName = Release;
		};
		13B07F931A680F5B00A75B9A /* Build configuration list for PBXNativeTarget "Grocery_Store" */ = {
			isa = XCConfigurationList;
			buildConfigurations = (
				13B07F941A680F5B00A75B9A /* Debug */,
				13B07F951A680F5B00A75B9A /* Release */,
			);
			defaultConfigurationIsVisible = 0;
			defaultConfigurationName = Release;
		};
		83CBB9FA1A601CBA00E9B192 /* Build configuration list for PBXProject "Grocery_Store" */ = {
			isa = XCConfigurationList;
			buildConfigurations = (
				83CBBA201A601CBA00E9B192 /* Debug */,
				83CBBA211A601CBA00E9B192 /* Release */,
			);
			defaultConfigurationIsVisible = 0;
			defaultConfigurationName = Release;
		};
/* End XCConfigurationList section */
	};
	rootObject = 83CBB9F71A601CBA00E9B192 /* Project object */;
}
